
Microsoft Visual Studio Solution File, Format Version 12.00
# Visual Studio Version 17
VisualStudioVersion = 17.0.31612.314
MinimumVisualStudioVersion = 10.0.40219.1
Project("{9092AA53-FB77-4645-B42D-1CCCA6BD08BD}") = "Twitter-API", "Twitter-API\Twitter-API.njsproj", "{A041A725-E746-4994-B15F-924DDD52B4E6}"
EndProject
Global
	GlobalSection(SolutionConfigurationPlatforms) = preSolution
		Debug|Any CPU = Debug|Any CPU
		Release|Any CPU = Release|Any CPU
	EndGlobalSection
	GlobalSection(ProjectConfigurationPlatforms) = postSolution
		{A041A725-E746-4994-B15F-924DDD52B4E6}.Debug|Any CPU.ActiveCfg = Debug|Any CPU
		{A041A725-E746-4994-B15F-924DDD52B4E6}.Debug|Any CPU.Build.0 = Debug|Any CPU
		{A041A725-E746-4994-B15F-924DDD52B4E6}.Release|Any CPU.ActiveCfg = Release|Any CPU
		{A041A725-E746-4994-B15F-924DDD52B4E6}.Release|Any CPU.Build.0 = Release|Any CPU
	EndGlobalSection
	GlobalSection(SolutionProperties) = preSolution
		HideSolutionNode = FALSE
	EndGlobalSection
	GlobalSection(ExtensibilityGlobals) = postSolution
		SolutionGuid = {D5180011-9042-4E91-92BB-60FB7E0B8E9D}
	EndGlobalSection
EndGlobal
